# THIS IS AN AUTOGENERATED FILE. DO NOT EDIT THIS FILE DIRECTLY.
# yarn lockfile v1


commander@^2.11.0:
  version "2.20.3"
  resolved "https://registry.npm.taobao.org/commander/download/commander-2.20.3.tgz#fd485e84c03eb4881c20722ba48035e8531aeb33"
  integrity sha1-/UhehMA+tIgcIHIrpIA16FMa6zM=

opentype.js@0.11.0:
  version "0.11.0"
  resolved "https://registry.npm.taobao.org/opentype.js/download/opentype.js-0.11.0.tgz#310f3fb85f09ca6cf22ac8cf540df67b418c3351"
  integrity sha1-MQ8/uF8JymzyKsjPVA32e0GMM1E=
  dependencies:
    string.prototype.codepointat "^0.2.1"
    tiny-inflate "^1.0.2"

string.prototype.codepointat@^0.2.1:
  version "0.2.1"
  resolved "https://registry.npm.taobao.org/string.prototype.codepointat/download/string.prototype.codepointat-0.2.1.tgz#004ad44c8afc727527b108cd462b4d971cd469bc"
  integrity sha1-AErUTIr8cnUnsQjNRitNlxzUabw=

text-to-svg@^3.1.5:
  version "3.1.5"
  resolved "https://registry.npm.taobao.org/text-to-svg/download/text-to-svg-3.1.5.tgz#493913d70eae1b12240b309547d64d787ec11e57"
  integrity sha1-STkT1w6uGxIkCzCVR9ZNeH7BHlc=
  dependencies:
    commander "^2.11.0"
    opentype.js "0.11.0"

tiny-inflate@^1.0.2:
  version "1.0.3"
  resolved "https://registry.npm.taobao.org/tiny-inflate/download/tiny-inflate-1.0.3.tgz#122715494913a1805166aaf7c93467933eea26c4"
  integrity sha1-EicVSUkToYBRZqr3yTRnkz7qJsQ=
